<?xml version="1.0" encoding="utf-8"?>
<Project ToolsVersion="4.0" xmlns="http://schemas.microsoft.com/developer/msbuild/2003">
  <ItemGroup>
    <Filter Include="Source Files">
      <UniqueIdentifier>{3b04debe-c5c3-4841-815f-0b6d88347a02}</UniqueIdentifier>
      <Extensions>cpp;c;cxx;rc;def;r;odl;idl;hpj;bat</Extensions>
    </Filter>
    <Filter Include="Header Files">
      <UniqueIdentifier>{638a2d22-f277-43ef-810a-7e30a3c7b296}</UniqueIdentifier>
      <Extensions>h;hpp;hxx;hm;inl</Extensions>
    </Filter>
    <Filter Include="Resource Files">
      <UniqueIdentifier>{320e2a43-4104-45e0-ae39-500cd77cb698}</UniqueIdentifier>
      <Extensions>ico;cur;bmp;dlg;rc2;rct;bin;rgs;gif;jpg;jpeg;jpe</Extensions>
    </Filter>
    <Filter Include="Scripts">
      <UniqueIdentifier>{d535d05c-843b-4ad1-918e-65d7b5f1b2b6}</UniqueIdentifier>
    </Filter>
    <Filter Include="sktoolslib">
      <UniqueIdentifier>{0d7051c0-3d13-4045-b2ef-3f78d0f09057}</UniqueIdentifier>
    </Filter>
  </ItemGroup>
  <ItemGroup>
    <ClCompile Include="AboutPage.cpp">
      <Filter>Source Files</Filter>
    </ClCompile>
    <ClCompile Include="DataBar.cpp">
      <Filter>Source Files</Filter>
    </ClCompile>
    <ClCompile Include="DetailPage.cpp">
      <Filter>Source Files</Filter>
    </ClCompile>
    <ClCompile Include="Filter.cpp">
      <Filter>Source Files</Filter>
    </ClCompile>
    <ClCompile Include="IPStat.cpp">
      <Filter>Source Files</Filter>
    </ClCompile>
    <ClCompile Include="MainSheet.cpp">
      <Filter>Source Files</Filter>
    </ClCompile>
    <ClCompile Include="OptionsPage.cpp">
      <Filter>Source Files</Filter>
    </ClCompile>
    <ClCompile Include="Packet.cpp">
      <Filter>Source Files</Filter>
    </ClCompile>
    <ClCompile Include="PortStat.cpp">
      <Filter>Source Files</Filter>
    </ClCompile>
    <ClCompile Include="stdafx.cpp">
      <Filter>Source Files</Filter>
    </ClCompile>
    <ClCompile Include="TrafficPage.cpp">
      <Filter>Source Files</Filter>
    </ClCompile>
    <ClCompile Include="TrafficView.cpp">
      <Filter>Source Files</Filter>
    </ClCompile>
    <ClCompile Include="trafficwatch.cpp">
      <Filter>Source Files</Filter>
    </ClCompile>
    <ClCompile Include="winproc.cpp">
      <Filter>Source Files</Filter>
    </ClCompile>
    <ClCompile Include="..\sktoolslib\CmdLineParser.cpp">
      <Filter>Source Files</Filter>
    </ClCompile>
    <ClCompile Include="..\sktoolslib\Registry.cpp">
      <Filter>Source Files</Filter>
    </ClCompile>
    <ClCompile Include="..\sktoolslib\hyperlink.cpp">
      <Filter>sktoolslib</Filter>
    </ClCompile>
  </ItemGroup>
  <ItemGroup>
    <ClInclude Include="AboutPage.h">
      <Filter>Header Files</Filter>
    </ClInclude>
    <ClInclude Include="DataBar.h">
      <Filter>Header Files</Filter>
    </ClInclude>
    <ClInclude Include="DetailPage.h">
      <Filter>Header Files</Filter>
    </ClInclude>
    <ClInclude Include="Filter.h">
      <Filter>Header Files</Filter>
    </ClInclude>
    <ClInclude Include="Globals.h">
      <Filter>Header Files</Filter>
    </ClInclude>
    <ClInclude Include="IPStat.h">
      <Filter>Header Files</Filter>
    </ClInclude>
    <ClInclude Include="MainSheet.h">
      <Filter>Header Files</Filter>
    </ClInclude>
    <ClInclude Include="OptionsPage.h">
      <Filter>Header Files</Filter>
    </ClInclude>
    <ClInclude Include="Packet.h">
      <Filter>Header Files</Filter>
    </ClInclude>
    <ClInclude Include="PortStat.h">
      <Filter>Header Files</Filter>
    </ClInclude>
    <ClInclude Include="resource.h">
      <Filter>Header Files</Filter>
    </ClInclude>
    <ClInclude Include="stdafx.h">
      <Filter>Header Files</Filter>
    </ClInclude>
    <ClInclude Include="Thread.h">
      <Filter>Header Files</Filter>
    </ClInclude>
    <ClInclude Include="TrafficPage.h">
      <Filter>Header Files</Filter>
    </ClInclude>
    <ClInclude Include="TrafficView.h">
      <Filter>Header Files</Filter>
    </ClInclude>
    <ClInclude Include="trafficwatch.h">
      <Filter>Header Files</Filter>
    </ClInclude>
    <ClInclude Include="Util.h">
      <Filter>Header Files</Filter>
    </ClInclude>
    <ClInclude Include="winproc.h">
      <Filter>Header Files</Filter>
    </ClInclude>
    <ClInclude Include="..\sktoolslib\CmdLineParser.h">
      <Filter>Header Files</Filter>
    </ClInclude>
    <ClInclude Include="..\sktoolslib\Registry.h">
      <Filter>Header Files</Filter>
    </ClInclude>
    <ClInclude Include="..\sktoolslib\hyperlink.h">
      <Filter>sktoolslib</Filter>
    </ClInclude>
  </ItemGroup>
  <ItemGroup>
    <None Include="res\icon1.ico">
      <Filter>Resource Files</Filter>
    </None>
    <None Include="res\trafficwatch.ico">
      <Filter>Resource Files</Filter>
    </None>
    <None Include="res\trafficwatch.rc2">
      <Filter>Resource Files</Filter>
    </None>
    <None Include="..\default.build">
      <Filter>Scripts</Filter>
    </None>
  </ItemGroup>
  <ItemGroup>
    <ResourceCompile Include="trafficwatch.rc">
      <Filter>Resource Files</Filter>
    </ResourceCompile>
  </ItemGroup>
</Project>